// !$*UTF8*$!
{
	archiveVersion = 1;
	classes = {
	};
	objectVersion = 46;
	objects = {

/* Begin PBXBuildFile section */
		CD7462331DE5045C000820FC /* AppDelegate.swift in Sources */ = {isa = PBXBuildFile; fileRef = CD7462321DE5045C000820FC /* AppDelegate.swift */; };
		CD7462351DE5045C000820FC /* ViewController.swift in Sources */ = {isa = PBXBuildFile; fileRef = CD7462341DE5045C000820FC /* ViewController.swift */; };
		CD7462381DE5045C000820FC /* Main.storyboard in Resources */ = {isa = PBXBuildFile; fileRef = CD7462361DE5045C000820FC /* Main.storyboard */; };
		CD74623B1DE5045C000820FC /* CoreData_Practice.xcdatamodeld in Sources */ = {isa = PBXBuildFile; fileRef = CD7462391DE5045C000820FC /* CoreData_Practice.xcdatamodeld */; };
		CD74623D1DE5045C000820FC /* Assets.xcassets in Resources */ = {isa = PBXBuildFile; fileRef = CD74623C1DE5045C000820FC /* Assets.xcassets */; };
		CD7462401DE5045C000820FC /* LaunchScreen.storyboard in Resources */ = {isa = PBXBuildFile; fileRef = CD74623E1DE5045C000820FC /* LaunchScreen.storyboard */; };
/* End PBXBuildFile section */

/* Begin PBXFileReference section */
		CD74622F1DE5045C000820FC /* CoreData Practice.app */ = {isa = PBXFileReference; explicitFileType = wrapper.application; includeInIndex = 0; path = "CoreData Practice.app"; sourceTree = BUILT_PRODUCTS_DIR; };
		CD7462321DE5045C000820FC /* AppDelegate.swift */ = {isa = PBXFileReference; lastKnownFileType = sourcecode.swift; path = AppDelegate.swift; sourceTree = "<group>"; };
		CD7462341DE5045C000820FC /* ViewController.swift */ = {isa = PBXFileReference; lastKnownFileType = sourcecode.swift; path = ViewController.swift; sourceTree = "<group>"; };
		CD7462371DE5045C000820FC /* Base */ = {isa = PBXFileReference; lastKnownFileType = file.storyboard; name = Base; path = Base.lproj/Main.storyboard; sourceTree = "<group>"; };
		CD74623A1DE5045C000820FC /* CoreData_Practice.xcdatamodel */ = {isa = PBXFileReference; lastKnownFileType = wrapper.xcdatamodel; path = CoreData_Practice.xcdatamodel; sourceTree = "<group>"; };
		CD74623C1DE5045C000820FC /* Assets.xcassets */ = {isa = PBXFileReference; lastKnownFileType = folder.assetcatalog; path = Assets.xcassets; sourceTree = "<group>"; };
		CD74623F1DE5045C000820FC /* Base */ = {isa = PBXFileReference; lastKnownFileType = file.storyboard; name = Base; path = Base.lproj/LaunchScreen.storyboard; sourceTree = "<group>"; };
		CD7462411DE5045C000820FC /* Info.plist */ = {isa = PBXFileReference; lastKnownFileType = text.plist.xml; path = Info.plist; sourceTree = "<group>"; };
/* End PBXFileReference section */

/* Begin PBXFrameworksBuildPhase section */
		CD74622C1DE5045C000820FC /* Frameworks */ = {
			isa = PBXFrameworksBuildPhase;
			buildActionMask = 2147483647;
			files = (
			);
			runOnlyForDeploymentPostprocessing = 0;
		};
/* End PBXFrameworksBuildPhase section */

/* Begin PBXGroup section */
		CD7462261DE5045C000820FC = {
			isa = PBXGroup;
			children = (
				CD7462311DE5045C000820FC /* CoreData Practice */,
				CD7462301DE5045C000820FC /* Products */,
			);
			sourceTree = "<group>";
		};
		CD7462301DE5045C000820FC /* Products */ = {
			isa = PBXGroup;
			children = (
				CD74622F1DE5045C000820FC /* CoreData Practice.app */,
			);
			name = Products;
			sourceTree = "<group>";
		};
		CD7462311DE5045C000820FC /* CoreData Practice */ = {
			isa = PBXGroup;
			children = (
				CD7462321DE5045C000820FC /* AppDelegate.swift */,
				CD7462341DE5045C000820FC /* ViewController.swift */,
				CD7462361DE5045C000820FC /* Main.storyboard */,
				CD74623C1DE5045C000820FC /* Assets.xcassets */,
				CD74623E1DE5045C000820FC /* LaunchScreen.storyboard */,
				CD7462411DE5045C000820FC /* Info.plist */,
				CD7462391DE5045C000820FC /* CoreData_Practice.xcdatamodeld */,
			);
			path = "CoreData Practice";
			sourceTree = "<group>";
		};
/* End PBXGroup section */

/* Begin PBXNativeTarget section */
		CD74622E1DE5045C000820FC /* CoreData Practice */ = {
			isa = PBXNativeTarget;
			buildConfigurationList = CD7462441DE5045C000820FC /* Build configuration list for PBXNativeTarget "CoreData Practice" */;
			buildPhases = (
				CD74622B1DE5045C000820FC /* Sources */,
				CD74622C1DE5045C000820FC /* Frameworks */,
				CD74622D1DE5045C000820FC /* Resources */,
			);
			buildRules = (
			);
			dependencies = (
			);
			name = "CoreData Practice";
			productName = "CoreData Practice";
			productReference = CD74622F1DE5045C000820FC /* CoreData Practice.app */;
			productType = "com.apple.product-type.application";
		};
/* End PBXNativeTarget section */

/* Begin PBXProject section */
		CD7462271DE5045C000820FC /* Project object */ = {
			isa = PBXProject;
			attributes = {
				LastSwiftUpdateCheck = 0810;
				LastUpgradeCheck = 0810;
				ORGANIZATIONNAME = dylan;
				TargetAttributes = {
					CD74622E1DE5045C000820FC = {
						CreatedOnToolsVersion = 8.1;
						ProvisioningStyle = Automatic;
					};
				};
			};
			buildConfigurationList = CD74622A1DE5045C000820FC /* Build configuration list for PBXProject "CoreData Practice" */;
			compatibilityVersion = "Xcode 3.2";
			developmentRegion = English;
			hasScannedForEncodings = 0;
			knownRegions = (
				en,
				Base,
			);
			mainGroup = CD7462261DE5045C000820FC;
			productRefGroup = CD7462301DE5045C000820FC /* Products */;
			projectDirPath = "";
			projectRoot = "";
			targets = (
				CD74622E1DE5045C000820FC /* CoreData Practice */,
			);
		};
/* End PBXProject section */

/* Begin PBXResourcesBuildPhase section */
		CD74622D1DE5045C000820FC /* Resources */ = {
			isa = PBXResourcesBuildPhase;
			buildActionMask = 2147483647;
			files = (
				CD7462401DE5045C000820FC /* LaunchScreen.storyboard in Resources */,
				CD74623D1DE5045C000820FC /* Assets.xcassets in Resources */,
				CD7462381DE5045C000820FC /* Main.storyboard in Resources */,
			);
			runOnlyForDeploymentPostprocessing = 0;
		};
/* End PBXResourcesBuildPhase section */

/* Begin PBXSourcesBuildPhase section */
		CD74622B1DE5045C000820FC /* Sources */ = {
			isa = PBXSourcesBuildPhase;
			buildActionMask = 2147483647;
			files = (
				CD74623B1DE5045C000820FC /* CoreData_Practice.xcdatamodeld in Sources */,
				CD7462351DE5045C000820FC /* ViewController.swift in Sources */,
				CD7462331DE5045C000820FC /* AppDelegate.swift in Sources */,
			);
			runOnlyForDeploymentPostprocessing = 0;
		};
/* End PBXSourcesBuildPhase section */

/* Begin PBXVariantGroup section */
		CD7462361DE5045C000820FC /* Main.storyboard */ = {
			isa = PBXVariantGroup;
			children = (
				CD7462371DE5045C000820FC /* Base */,
			);
			name = Main.storyboard;
			sourceTree = "<group>";
		};
		CD74623E1DE5045C000820FC /* LaunchScreen.storyboard */ = {
			isa = PBXVariantGroup;
			children = (
				CD74623F1DE5045C000820FC /* Base */,
			);
			name = LaunchScreen.storyboard;
			sourceTree = "<group>";
		};
/* End PBXVariantGroup section */

/* Begin XCBuildConfiguration section */
		CD7462421DE5045C000820FC /* Debug */ = {
			isa = XCBuildConfiguration;
			buildSettings = {
				ALWAYS_SEARCH_USER_PATHS = NO;
				CLANG_ANALYZER_NONNULL = YES;
				CLANG_CXX_LANGUAGE_STANDARD = "gnu++0x";
				CLANG_CXX_LIBRARY = "libc++";
				CLANG_ENABLE_MODULES = YES;
				CLANG_ENABLE_OBJC_ARC = YES;
				CLANG_WARN_BOOL_CONVERSION = YES;
				CLANG_WARN_CONSTANT_CONVERSION = YES;
				CLANG_WARN_DIRECT_OBJC_ISA_USAGE = YES_ERROR;
				CLANG_WARN_DOCUMENTATION_COMMENTS = YES;
				CLANG_WARN_EMPTY_BODY = YES;
				CLANG_WARN_ENUM_CONVERSION = YES;
				CLANG_WARN_INFINITE_RECURSION = YES;
				CLANG_WARN_INT_CONVERSION = YES;
				CLANG_WARN_OBJC_ROOT_CLASS = YES_ERROR;
				CLANG_WARN_SUSPICIOUS_MOVES = YES;
				CLANG_WARN_UNREACHABLE_CODE = YES;
				CLANG_WARN__DUPLICATE_METHOD_MATCH = YES;
				"CODE_SIGN_IDENTITY[sdk=iphoneos*]" = "iPhone Developer";
				COPY_PHASE_STRIP = NO;
				DEBUG_INFORMATION_FORMAT = dwarf;
				ENABLE_STRICT_OBJC_MSGSEND = YES;
				ENABLE_TESTABILITY = YES;
				GCC_C_LANGUAGE_STANDARD = gnu99;
				GCC_DYNAMIC_NO_PIC = NO;
				GCC_NO_COMMON_BLOCKS = YES;
				GCC_OPTIMIZATION_LEVEL = 0;
				GCC_PREPROCESSOR_DEFINITIONS = (
					"DEBUG=1",
					"$(inherited)",
				);
				GCC_WARN_64_TO_32_BIT_CONVERSION = YES;
				GCC_WARN_ABOUT_RETURN_TYPE = YES_ERROR;
				GCC_WARN_UNDECLARED_SELECTOR = YES;
				GCC_WARN_UNINITIALIZED_AUTOS = YES_AGGRESSIVE;
				GCC_WARN_UNUSED_FUNCTION = YES;
				GCC_WARN_UNUSED_VARIABLE = YES;
				IPHONEOS_DEPLOYMENT_TARGET = 10.1;
				MTL_ENABLE_DEBUG_INFO = YES;
				ONLY_ACTIVE_ARCH = YES;
				SDKROOT = iphoneos;
				SWIFT_ACTIVE_COMPILATION_CONDITIONS = DEBUG;
				SWIFT_OPTIMIZATION_LEVEL = "-Onone";
			};
			name = Debug;
		};
		CD7462431DE5045C000820FC /* Release */ = {
			isa = XCBuildConfiguration;
			buildSettings = {
				ALWAYS_SEARCH_USER_PATHS = NO;
				CLANG_ANALYZER_NONNULL = YES;
				CLANG_CXX_LANGUAGE_STANDARD = "gnu++0x";
				CLANG_CXX_LIBRARY = "libc++";
				CLANG_ENABLE_MODULES = YES;
				CLANG_ENABLE_OBJC_ARC = YES;
				CLANG_WARN_BOOL_CONVERSION = YES;
				CLANG_WARN_CONSTANT_CONVERSION = YES;
				CLANG_WARN_DIRECT_OBJC_ISA_USAGE = YES_ERROR;
				CLANG_WARN_DOCUMENTATION_COMMENTS = YES;
				CLANG_WARN_EMPTY_BODY = YES;
				CLANG_WARN_ENUM_CONVERSION = YES;
				CLANG_WARN_INFINITE_RECURSION = YES;
				CLANG_WARN_INT_CONVERSION = YES;
				CLANG_WARN_OBJC_ROOT_CLASS = YES_ERROR;
				CLANG_WARN_SUSPICIOUS_MOVES = YES;
				CLANG_WARN_UNREACHABLE_CODE = YES;
				CLANG_WARN__DUPLICATE_METHOD_MATCH = YES;
				"CODE_SIGN_IDENTITY[sdk=iphoneos*]" = "iPhone Developer";
				COPY_PHASE_STRIP = NO;
				DEBUG_INFORMATION_FORMAT = "dwarf-with-dsym";
				ENABLE_NS_ASSERTIONS = NO;
				ENABLE_STRICT_OBJC_MSGSEND = YES;
				GCC_C_LANGUAGE_STANDARD = gnu99;
				GCC_NO_COMMON_BLOCKS = YES;
				GCC_WARN_64_TO_32_BIT_CONVERSION = YES;
				GCC_WARN_ABOUT_RETURN_TYPE = YES_ERROR;
				GCC_WARN_UNDECLARED_SELECTOR = YES;
				GCC_WARN_UNINITIALIZED_AUTOS = YES_AGGRESSIVE;
				GCC_WARN_UNUSED_FUNCTION = YES;
				GCC_WARN_UNUSED_VARIABLE = YES;
				IPHONEOS_DEPLOYMENT_TARGET = 10.1;
				MTL_ENABLE_DEBUG_INFO = NO;
				SDKROOT = iphoneos;
				SWIFT_OPTIMIZATION_LEVEL = "-Owholemodule";
				VALIDATE_PRODUCT = YES;
			};
			name = Release;
		};
		CD7462451DE5045C000820FC /* Debug */ = {
			isa = XCBuildConfiguration;
			buildSettings = {
				ASSETCATALOG_COMPILER_APPICON_NAME = AppIcon;
				INFOPLIST_FILE = "CoreData Practice/Info.plist";
				LD_RUNPATH_SEARCH_PATHS = "$(inherited) @executable_path/Frameworks";
				PRODUCT_BUNDLE_IDENTIFIER = "com.dylansdesigns.CoreData-Practice";
				PRODUCT_NAME = "$(TARGET_NAME)";
				SWIFT_VERSION = 3.0;
			};
			name = Debug;
		};
		CD7462461DE5045C000820FC /* Release */ = {
			isa = XCBuildConfiguration;
			buildSettings = {
				ASSETCATALOG_COMPILER_APPICON_NAME = AppIcon;
				INFOPLIST_FILE = "CoreData Practice/Info.plist";
				LD_RUNPATH_SEARCH_PATHS = "$(inherited) @executable_path/Frameworks";
				PRODUCT_BUNDLE_IDENTIFIER = "com.dylansdesigns.CoreData-Practice";
				PRODUCT_NAME = "$(TARGET_NAME)";
				SWIFT_VERSION = 3.0;
			};
			name = Release;
		};
/* End XCBuildConfiguration section */

/* Begin XCConfigurationList section */
		CD74622A1DE5045C000820FC /* Build configuration list for PBXProject "CoreData Practice" */ = {
			isa = XCConfigurationList;
			buildConfigurations = (
				CD7462421DE5045C000820FC /* Debug */,
				CD7462431DE5045C000820FC /* Release */,
			);
			defaultConfigurationIsVisible = 0;
			defaultConfigurationName = Release;
		};
		CD7462441DE5045C000820FC /* Build configuration list for PBXNativeTarget "CoreData Practice" */ = {
			isa = XCConfigurationList;
			buildConfigurations = (
				CD7462451DE5045C000820FC /* Debug */,
				CD7462461DE5045C000820FC /* Release */,
			);
			defaultConfigurationIsVisible = 0;
		};
/* End XCConfigurationList section */

/* Begin XCVersionGroup section */
		CD7462391DE5045C000820FC /* CoreData_Practice.xcdatamodeld */ = {
			isa = XCVersionGroup;
			children = (
				CD74623A1DE5045C000820FC /* CoreData_Practice.xcdatamodel */,
			);
			currentVersion = CD74623A1DE5045C000820FC /* CoreData_Practice.xcdatamodel */;
			path = CoreData_Practice.xcdatamodeld;
			sourceTree = "<group>";
			versionGroupType = wrapper.xcdatamodel;
		};
/* End XCVersionGroup section */
	};
	rootObject = CD7462271DE5045C000820FC /* Project object */;
}
